# @generated - this file is auto-generated by `mise lock` https://mise.en.dev/dev-tools/mise-lock.html

[[tools.cargo-binstall]]
version = "1.20.1"
backend = "aqua:cargo-bins/cargo-binstall"

[tools.cargo-binstall."platforms.linux-arm64"]
checksum = "sha256:23679581c4cfa1782953264a6e36965198aed995b3a5287550dd78a113ce2288"
url = "https://github.com/cargo-bins/cargo-binstall/releases/download/v1.20.1/cargo-binstall-aarch64-unknown-linux-musl.tgz"
provenance = "github-attestations"

[tools.cargo-binstall."platforms.linux-arm64-musl"]
checksum = "sha256:23679581c4cfa1782953264a6e36965198aed995b3a5287550dd78a113ce2288"
url = "https://github.com/cargo-bins/cargo-binstall/releases/download/v1.20.1/cargo-binstall-aarch64-unknown-linux-musl.tgz"
provenance = "github-attestations"

[tools.cargo-binstall."platforms.linux-x64"]
checksum = "sha256:f12954bc382e1d0b2df3fbfb217a05d92c25570e4517841e0613499a24f4594e"
url = "https://github.com/cargo-bins/cargo-binstall/releases/download/v1.20.1/cargo-binstall-x86_64-unknown-linux-musl.tgz"
provenance = "github-attestations"

[tools.cargo-binstall."platforms.linux-x64-musl"]
checksum = "sha256:f12954bc382e1d0b2df3fbfb217a05d92c25570e4517841e0613499a24f4594e"
url = "https://github.com/cargo-bins/cargo-binstall/releases/download/v1.20.1/cargo-binstall-x86_64-unknown-linux-musl.tgz"
provenance = "github-attestations"

[tools.cargo-binstall."platforms.macos-arm64"]
checksum = "sha256:691c4fda20d2e58920dc056e4eb7dacec6de448bb547aca17b0ae819716ebef6"
url = "https://github.com/cargo-bins/cargo-binstall/releases/download/v1.20.1/cargo-binstall-aarch64-apple-darwin.zip"
provenance = "github-attestations"

[tools.cargo-binstall."platforms.macos-x64"]
checksum = "sha256:349f5ec5f8b996e990993c90c504211321d8bf839e11e409e8fa3b628eefc56f"
url = "https://github.com/cargo-bins/cargo-binstall/releases/download/v1.20.1/cargo-binstall-x86_64-apple-darwin.zip"
provenance = "github-attestations"

[tools.cargo-binstall."platforms.windows-x64"]
checksum = "sha256:89123c22482e2503a5fa861fa30cd61c59c708a97e8550143c1a11de98ae2658"
url = "https://github.com/cargo-bins/cargo-binstall/releases/download/v1.20.1/cargo-binstall-x86_64-pc-windows-msvc.zip"
provenance = "github-attestations"

[[tools."cargo:selene"]]
version = "0.31.0"
backend = "cargo:selene"

[[tools."github:JohnnyMorganz/StyLua"]]
version = "2.5.2"
backend = "github:JohnnyMorganz/StyLua"

[tools."github:JohnnyMorganz/StyLua"."platforms.linux-arm64"]
checksum = "sha256:0ef2ebf0b7e5a652b65c4cb96c6d9ffb3981a98547de3c764465bbf54a8d761a"
url = "https://github.com/JohnnyMorganz/StyLua/releases/download/v2.5.2/stylua-linux-aarch64.zip"
url_api = "https://api.github.com/repos/JohnnyMorganz/StyLua/releases/assets/421900973"
provenance = "github-attestations"

[tools."github:JohnnyMorganz/StyLua"."platforms.linux-arm64-musl"]
checksum = "sha256:b948df6b4bae41af9a70948174372f96a3c14d44e3e017288701539f3db8fb75"
url = "https://github.com/JohnnyMorganz/StyLua/releases/download/v2.5.2/stylua-linux-aarch64-musl.zip"
url_api = "https://api.github.com/repos/JohnnyMorganz/StyLua/releases/assets/421900982"
provenance = "github-attestations"

[tools."github:JohnnyMorganz/StyLua"."platforms.linux-x64"]
checksum = "sha256:bcb0d855e91f102f28a370e850f8566b3b44b79e6274d806ea5246837c0fd5ab"
url = "https://github.com/JohnnyMorganz/StyLua/releases/download/v2.5.2/stylua-linux-x86_64.zip"
url_api = "https://api.github.com/repos/JohnnyMorganz/StyLua/releases/assets/421901018"
provenance = "github-attestations"

[tools."github:JohnnyMorganz/StyLua"."platforms.linux-x64-musl"]
checksum = "sha256:ca6f1cf52eaf69e6632b81acef9c197aa24b85eb30d2455a35e7dbe28ae77c72"
url = "https://github.com/JohnnyMorganz/StyLua/releases/download/v2.5.2/stylua-linux-x86_64-musl.zip"
url_api = "https://api.github.com/repos/JohnnyMorganz/StyLua/releases/assets/421901066"
provenance = "github-attestations"

[tools."github:JohnnyMorganz/StyLua"."platforms.macos-arm64"]
checksum = "sha256:92ff0889e16324801bc072692974bb67f8161e62010fc90f96c62a17f81f32c7"
url = "https://github.com/JohnnyMorganz/StyLua/releases/download/v2.5.2/stylua-macos-aarch64.zip"
url_api = "https://api.github.com/repos/JohnnyMorganz/StyLua/releases/assets/421901102"
provenance = "github-attestations"

[tools."github:JohnnyMorganz/StyLua"."platforms.macos-x64"]
checksum = "sha256:53c50a1605d0a6345d160a1a5a21db40bcf2bf9cd23c17f7c277a63a1bff3a7f"
url = "https://github.com/JohnnyMorganz/StyLua/releases/download/v2.5.2/stylua-macos-x86_64.zip"
url_api = "https://api.github.com/repos/JohnnyMorganz/StyLua/releases/assets/421901085"
provenance = "github-attestations"

[tools."github:JohnnyMorganz/StyLua"."platforms.windows-x64"]
checksum = "sha256:e77d0ea1226b8b389b43f702240091249a96eea25857281f90ea24d0eb9eb969"
url = "https://github.com/JohnnyMorganz/StyLua/releases/download/v2.5.2/stylua-windows-x86_64.zip"
url_api = "https://api.github.com/repos/JohnnyMorganz/StyLua/releases/assets/421902292"
provenance = "github-attestations"

[[tools."github:JohnnyMorganz/luau-lsp"]]
version = "1.68.0"
backend = "github:JohnnyMorganz/luau-lsp"

[tools."github:JohnnyMorganz/luau-lsp"."platforms.linux-arm64"]
checksum = "sha256:1d4e115a1ce4a236f08c4ce14a27bfdedea24446251002d5e8d1d33ecbfec0fd"
url = "https://github.com/JohnnyMorganz/luau-lsp/releases/download/1.68.0/luau-lsp-linux-arm64.zip"
url_api = "https://api.github.com/repos/JohnnyMorganz/luau-lsp/releases/assets/421850135"
provenance = "github-attestations"

[tools."github:JohnnyMorganz/luau-lsp"."platforms.linux-arm64-musl"]
checksum = "sha256:1d4e115a1ce4a236f08c4ce14a27bfdedea24446251002d5e8d1d33ecbfec0fd"
url = "https://github.com/JohnnyMorganz/luau-lsp/releases/download/1.68.0/luau-lsp-linux-arm64.zip"
url_api = "https://api.github.com/repos/JohnnyMorganz/luau-lsp/releases/assets/421850135"
provenance = "github-attestations"

[tools."github:JohnnyMorganz/luau-lsp"."platforms.linux-x64"]
checksum = "sha256:b86d4ecf28cf8356a8f8c8e0826ce0e43607847a4cfad3ef34e170dee76103a8"
url = "https://github.com/JohnnyMorganz/luau-lsp/releases/download/1.68.0/luau-lsp-linux-x86_64.zip"
url_api = "https://api.github.com/repos/JohnnyMorganz/luau-lsp/releases/assets/421850486"
provenance = "github-attestations"

[tools."github:JohnnyMorganz/luau-lsp"."platforms.linux-x64-musl"]
checksum = "sha256:b86d4ecf28cf8356a8f8c8e0826ce0e43607847a4cfad3ef34e170dee76103a8"
url = "https://github.com/JohnnyMorganz/luau-lsp/releases/download/1.68.0/luau-lsp-linux-x86_64.zip"
url_api = "https://api.github.com/repos/JohnnyMorganz/luau-lsp/releases/assets/421850486"
provenance = "github-attestations"

[tools."github:JohnnyMorganz/luau-lsp"."platforms.macos-arm64"]
checksum = "sha256:fff45d60ec5e020d4ec7bfbe6132c3b834f092cd8faafa68e786197f0fb8bfdb"
url = "https://github.com/JohnnyMorganz/luau-lsp/releases/download/1.68.0/luau-lsp-macos.zip"
url_api = "https://api.github.com/repos/JohnnyMorganz/luau-lsp/releases/assets/421851604"
provenance = "github-attestations"

[tools."github:JohnnyMorganz/luau-lsp"."platforms.macos-x64"]
checksum = "sha256:fff45d60ec5e020d4ec7bfbe6132c3b834f092cd8faafa68e786197f0fb8bfdb"
url = "https://github.com/JohnnyMorganz/luau-lsp/releases/download/1.68.0/luau-lsp-macos.zip"
url_api = "https://api.github.com/repos/JohnnyMorganz/luau-lsp/releases/assets/421851604"
provenance = "github-attestations"

[tools."github:JohnnyMorganz/luau-lsp"."platforms.windows-x64"]
checksum = "sha256:b6cd1ad6ea15b5fc9836d9f5d009875c7b7a62a8f777ad0b3da879746d1b5933"
url = "https://github.com/JohnnyMorganz/luau-lsp/releases/download/1.68.0/luau-lsp-win64.zip"
url_api = "https://api.github.com/repos/JohnnyMorganz/luau-lsp/releases/assets/421852243"
provenance = "github-attestations"

[[tools."github:luau-lang/lute"]]
version = "1.0.0"
backend = "github:luau-lang/lute"

[tools."github:luau-lang/lute"."platforms.linux-arm64"]
checksum = "sha256:78638a2013f38e365b31272b60853eb74dc0e0e425a71d806c4930ebd004b318"
url = "https://github.com/luau-lang/lute/releases/download/v1.0.0/lute-linux-aarch64.zip"
url_api = "https://api.github.com/repos/luau-lang/lute/releases/assets/398159053"
provenance = "github-attestations"

[tools."github:luau-lang/lute"."platforms.linux-arm64-musl"]
checksum = "sha256:78638a2013f38e365b31272b60853eb74dc0e0e425a71d806c4930ebd004b318"
url = "https://github.com/luau-lang/lute/releases/download/v1.0.0/lute-linux-aarch64.zip"
url_api = "https://api.github.com/repos/luau-lang/lute/releases/assets/398159053"
provenance = "github-attestations"

[tools."github:luau-lang/lute"."platforms.linux-x64"]
checksum = "sha256:de7a6dab06b21df572c49257ec24a4cf1ecd54fb854de856aa377a1188255c95"
url = "https://github.com/luau-lang/lute/releases/download/v1.0.0/lute-linux-x86_64.zip"
url_api = "https://api.github.com/repos/luau-lang/lute/releases/assets/398159005"
provenance = "github-attestations"

[tools."github:luau-lang/lute"."platforms.linux-x64-musl"]
checksum = "sha256:de7a6dab06b21df572c49257ec24a4cf1ecd54fb854de856aa377a1188255c95"
url = "https://github.com/luau-lang/lute/releases/download/v1.0.0/lute-linux-x86_64.zip"
url_api = "https://api.github.com/repos/luau-lang/lute/releases/assets/398159005"
provenance = "github-attestations"

[tools."github:luau-lang/lute"."platforms.macos-arm64"]
checksum = "sha256:6d120b5d2804e62ab2453565e755d022bd6902307cabcd0fedb4cdcbd4251e84"
url = "https://github.com/luau-lang/lute/releases/download/v1.0.0/lute-macos-aarch64.zip"
url_api = "https://api.github.com/repos/luau-lang/lute/releases/assets/398159030"
provenance = "github-attestations"

[tools."github:luau-lang/lute"."platforms.windows-x64"]
checksum = "sha256:4f5de7cb1844d0df4e5796ad08d485ce7b6c35f7ba8d54046c7e7a12e7c28d92"
url = "https://github.com/luau-lang/lute/releases/download/v1.0.0/lute-windows-x86_64.zip"
url_api = "https://api.github.com/repos/luau-lang/lute/releases/assets/398159007"
provenance = "github-attestations"

[[tools."github:pesde-pkg/pesde"]]
version = "0.7.3+registry.0.2.3"
backend = "github:pesde-pkg/pesde"

[tools."github:pesde-pkg/pesde"."platforms.linux-arm64"]
checksum = "sha256:b688f2640c04f52a3a5a8b180a780cfad14dcdd1395cda88d42f0c9d5f52a740"
url = "https://github.com/pesde-pkg/pesde/releases/download/v0.7.3%2Bregistry.0.2.3/pesde-0.7.3-linux-aarch64.zip"
url_api = "https://api.github.com/repos/pesde-pkg/pesde/releases/assets/376614524"

[tools."github:pesde-pkg/pesde"."platforms.linux-arm64-musl"]
checksum = "sha256:b688f2640c04f52a3a5a8b180a780cfad14dcdd1395cda88d42f0c9d5f52a740"
url = "https://github.com/pesde-pkg/pesde/releases/download/v0.7.3%2Bregistry.0.2.3/pesde-0.7.3-linux-aarch64.zip"
url_api = "https://api.github.com/repos/pesde-pkg/pesde/releases/assets/376614524"

[tools."github:pesde-pkg/pesde"."platforms.linux-x64"]
checksum = "sha256:425e2b4b1478fa7a3aad49c65953383c5d4c3e3122c202796efc70c2f91e69db"
url = "https://github.com/pesde-pkg/pesde/releases/download/v0.7.3%2Bregistry.0.2.3/pesde-0.7.3-linux-x86_64.zip"
url_api = "https://api.github.com/repos/pesde-pkg/pesde/releases/assets/376614529"

[tools."github:pesde-pkg/pesde"."platforms.linux-x64-musl"]
checksum = "sha256:425e2b4b1478fa7a3aad49c65953383c5d4c3e3122c202796efc70c2f91e69db"
url = "https://github.com/pesde-pkg/pesde/releases/download/v0.7.3%2Bregistry.0.2.3/pesde-0.7.3-linux-x86_64.zip"
url_api = "https://api.github.com/repos/pesde-pkg/pesde/releases/assets/376614529"

[tools."github:pesde-pkg/pesde"."platforms.macos-arm64"]
checksum = "sha256:cd527bea52fcd83ce0a0ea06dff0a0720f23f1d23460c054ce1eb29fee425108"
url = "https://github.com/pesde-pkg/pesde/releases/download/v0.7.3%2Bregistry.0.2.3/pesde-0.7.3-macos-aarch64.zip"
url_api = "https://api.github.com/repos/pesde-pkg/pesde/releases/assets/376614525"

[tools."github:pesde-pkg/pesde"."platforms.macos-x64"]
checksum = "sha256:5d148b68d3d3f9d39bb5cb80ce8a8e00f16b48f425708e6bca088154b0f7adde"
url = "https://github.com/pesde-pkg/pesde/releases/download/v0.7.3%2Bregistry.0.2.3/pesde-0.7.3-macos-x86_64.zip"
url_api = "https://api.github.com/repos/pesde-pkg/pesde/releases/assets/376614527"

[tools."github:pesde-pkg/pesde"."platforms.windows-x64"]
checksum = "sha256:a4f497b2e32fb0d25964360012c10bbaf91c8d11c3b783ae61e4be2ca9a8be51"
url = "https://github.com/pesde-pkg/pesde/releases/download/v0.7.3%2Bregistry.0.2.3/pesde-0.7.3-windows-x86_64.zip"
url_api = "https://api.github.com/repos/pesde-pkg/pesde/releases/assets/376614528"

[[tools."npm:@changesets/cli"]]
version = "2.31.0"
backend = "npm:@changesets/cli"
